<?xml version="1.0" encoding="utf-8"?>
<Project ToolsVersion="4.0" xmlns="http://schemas.microsoft.com/developer/msbuild/2003">
  <ItemGroup>
    <Filter Include="Source Files">
      <UniqueIdentifier>{4FC737F1-C7A5-4376-A066-2A32D752A2FF}</UniqueIdentifier>
      <Extensions>cpp;c;cc;cxx;c++;cppm;ixx;def;odl;idl;hpj;bat;asm;asmx</Extensions>
    </Filter>
    <Filter Include="Header Files">
      <UniqueIdentifier>{93995380-89BD-4b04-88EB-625FBE52EBFB}</UniqueIdentifier>
      <Extensions>h;hh;hpp;hxx;h++;hm;inl;inc;ipp;xsd</Extensions>
    </Filter>
    <Filter Include="Resource Files">
      <UniqueIdentifier>{67DA6AB6-F800-4c08-8B7A-83BB121AAD01}</UniqueIdentifier>
      <Extensions>rc;ico;cur;bmp;dlg;rc2;rct;bin;rgs;gif;jpg;jpeg;jpe;resx;tiff;tif;png;wav;mfcribbon-ms</Extensions>
    </Filter>
    <Filter Include="Header Files\webview">
      <UniqueIdentifier>{963e49a2-b033-4f32-af14-d8ead4f06801}</UniqueIdentifier>
    </Filter>
    <Filter Include="Source Files\civetweb">
      <UniqueIdentifier>{401521a5-484a-464b-a71b-2712fc124709}</UniqueIdentifier>
    </Filter>
    <Filter Include="Header Files\civetweb">
      <UniqueIdentifier>{508a1c39-7db1-450f-b2eb-9c74f3c235ec}</UniqueIdentifier>
    </Filter>
    <Filter Include="Header Files\civetweb\src">
      <UniqueIdentifier>{5865a162-179a-4b78-90a2-3ab91b62deb0}</UniqueIdentifier>
    </Filter>
    <Filter Include="Header Files\civetweb\src\third_party">
      <UniqueIdentifier>{53d4d9d7-6b78-46a5-9a0c-c1b2c4cddcdc}</UniqueIdentifier>
    </Filter>
    <Filter Include="Source Files\civetweb\src">
      <UniqueIdentifier>{fdfc10b2-88e4-40f6-a79b-7fd787b14bf0}</UniqueIdentifier>
    </Filter>
    <Filter Include="Source Files\civetweb\src\third_party">
      <UniqueIdentifier>{7125d80e-36d8-4656-ba67-c7fc3b1e3943}</UniqueIdentifier>
    </Filter>
    <Filter Include="Source Files\civetweb\src\third_party\lua">
      <UniqueIdentifier>{07918d91-98e0-4cc6-ba58-5984665a5d18}</UniqueIdentifier>
    </Filter>
    <Filter Include="Source Files\civetweb\src\third_party\lua\src">
      <UniqueIdentifier>{2238dbc6-8702-4c04-8451-d97edf1a79de}</UniqueIdentifier>
    </Filter>
    <Filter Include="Source Files\civetweb\src\third_party\duktape">
      <UniqueIdentifier>{8461c027-8554-4b73-a6bf-2518f6ab4442}</UniqueIdentifier>
    </Filter>
    <Filter Include="Source Files\civetweb\src\third_party\duktape\src">
      <UniqueIdentifier>{9d8d1749-d4c3-498b-81c3-6b75e91fa2f0}</UniqueIdentifier>
    </Filter>
  </ItemGroup>
  <ItemGroup>
    <ClInclude Include="webview\webview.h">
      <Filter>Header Files\webview</Filter>
    </ClInclude>
    <ClInclude Include="civetweb\src\third_party\civetweb_lua.h">
      <Filter>Header Files\civetweb\src\third_party</Filter>
    </ClInclude>
    <ClInclude Include="CivetWebView.h">
      <Filter>Header Files</Filter>
    </ClInclude>
  </ItemGroup>
  <ItemGroup>
    <ClCompile Include="CivetWebView.cpp">
      <Filter>Source Files</Filter>
    </ClCompile>
    <ClCompile Include="civetweb\src\CivetServer.cpp">
      <Filter>Source Files\civetweb</Filter>
    </ClCompile>
    <ClCompile Include="civetweb\src\third_party\lfs.c">
      <Filter>Source Files\civetweb\src\third_party</Filter>
    </ClCompile>
    <ClCompile Include="civetweb\src\third_party\lsqlite3.c">
      <Filter>Source Files\civetweb\src\third_party</Filter>
    </ClCompile>
    <ClCompile Include="civetweb\src\third_party\LuaXML_lib.c">
      <Filter>Source Files\civetweb\src\third_party</Filter>
    </ClCompile>
    <ClCompile Include="civetweb\src\third_party\sqlite3.c">
      <Filter>Source Files\civetweb\src\third_party</Filter>
    </ClCompile>
    <ClCompile Include="civetweb\src\third_party\duktape-1.5.2\src\duktape.c">
      <Filter>Source Files\civetweb\src\third_party\duktape\src</Filter>
    </ClCompile>
    <ClCompile Include="civetweb\src\third_party\lua-5.2.4\src\lapi.c">
      <Filter>Source Files\civetweb\src\third_party\lua\src</Filter>
    </ClCompile>
    <ClCompile Include="civetweb\src\third_party\lua-5.2.4\src\lauxlib.c">
      <Filter>Source Files\civetweb\src\third_party\lua\src</Filter>
    </ClCompile>
    <ClCompile Include="civetweb\src\third_party\lua-5.2.4\src\lbaselib.c">
      <Filter>Source Files\civetweb\src\third_party\lua\src</Filter>
    </ClCompile>
    <ClCompile Include="civetweb\src\third_party\lua-5.2.4\src\lbitlib.c">
      <Filter>Source Files\civetweb\src\third_party\lua\src</Filter>
    </ClCompile>
    <ClCompile Include="civetweb\src\third_party\lua-5.2.4\src\lcode.c">
      <Filter>Source Files\civetweb\src\third_party\lua\src</Filter>
    </ClCompile>
    <ClCompile Include="civetweb\src\third_party\lua-5.2.4\src\lcorolib.c">
      <Filter>Source Files\civetweb\src\third_party\lua\src</Filter>
    </ClCompile>
    <ClCompile Include="civetweb\src\third_party\lua-5.2.4\src\lctype.c">
      <Filter>Source Files\civetweb\src\third_party\lua\src</Filter>
    </ClCompile>
    <ClCompile Include="civetweb\src\third_party\lua-5.2.4\src\ldblib.c">
      <Filter>Source Files\civetweb\src\third_party\lua\src</Filter>
    </ClCompile>
    <ClCompile Include="civetweb\src\third_party\lua-5.2.4\src\ldebug.c">
      <Filter>Source Files\civetweb\src\third_party\lua\src</Filter>
    </ClCompile>
    <ClCompile Include="civetweb\src\third_party\lua-5.2.4\src\ldo.c">
      <Filter>Source Files\civetweb\src\third_party\lua\src</Filter>
    </ClCompile>
    <ClCompile Include="civetweb\src\third_party\lua-5.2.4\src\ldump.c">
      <Filter>Source Files\civetweb\src\third_party\lua\src</Filter>
    </ClCompile>
    <ClCompile Include="civetweb\src\third_party\lua-5.2.4\src\lfunc.c">
      <Filter>Source Files\civetweb\src\third_party\lua\src</Filter>
    </ClCompile>
    <ClCompile Include="civetweb\src\third_party\lua-5.2.4\src\lgc.c">
      <Filter>Source Files\civetweb\src\third_party\lua\src</Filter>
    </ClCompile>
    <ClCompile Include="civetweb\src\third_party\lua-5.2.4\src\linit.c">
      <Filter>Source Files\civetweb\src\third_party\lua\src</Filter>
    </ClCompile>
    <ClCompile Include="civetweb\src\third_party\lua-5.2.4\src\liolib.c">
      <Filter>Source Files\civetweb\src\third_party\lua\src</Filter>
    </ClCompile>
    <ClCompile Include="civetweb\src\third_party\lua-5.2.4\src\llex.c">
      <Filter>Source Files\civetweb\src\third_party\lua\src</Filter>
    </ClCompile>
    <ClCompile Include="civetweb\src\third_party\lua-5.2.4\src\lmathlib.c">
      <Filter>Source Files\civetweb\src\third_party\lua\src</Filter>
    </ClCompile>
    <ClCompile Include="civetweb\src\third_party\lua-5.2.4\src\lmem.c">
      <Filter>Source Files\civetweb\src\third_party\lua\src</Filter>
    </ClCompile>
    <ClCompile Include="civetweb\src\third_party\lua-5.2.4\src\loadlib.c">
      <Filter>Source Files\civetweb\src\third_party\lua\src</Filter>
    </ClCompile>
    <ClCompile Include="civetweb\src\third_party\lua-5.2.4\src\lobject.c">
      <Filter>Source Files\civetweb\src\third_party\lua\src</Filter>
    </ClCompile>
    <ClCompile Include="civetweb\src\third_party\lua-5.2.4\src\lopcodes.c">
      <Filter>Source Files\civetweb\src\third_party\lua\src</Filter>
    </ClCompile>
    <ClCompile Include="civetweb\src\third_party\lua-5.2.4\src\loslib.c">
      <Filter>Source Files\civetweb\src\third_party\lua\src</Filter>
    </ClCompile>
    <ClCompile Include="civetweb\src\third_party\lua-5.2.4\src\lparser.c">
      <Filter>Source Files\civetweb\src\third_party\lua\src</Filter>
    </ClCompile>
    <ClCompile Include="civetweb\src\third_party\lua-5.2.4\src\lstate.c">
      <Filter>Source Files\civetweb\src\third_party\lua\src</Filter>
    </ClCompile>
    <ClCompile Include="civetweb\src\third_party\lua-5.2.4\src\lstring.c">
      <Filter>Source Files\civetweb\src\third_party\lua\src</Filter>
    </ClCompile>
    <ClCompile Include="civetweb\src\third_party\lua-5.2.4\src\lstrlib.c">
      <Filter>Source Files\civetweb\src\third_party\lua\src</Filter>
    </ClCompile>
    <ClCompile Include="civetweb\src\third_party\lua-5.2.4\src\ltable.c">
      <Filter>Source Files\civetweb\src\third_party\lua\src</Filter>
    </ClCompile>
    <ClCompile Include="civetweb\src\third_party\lua-5.2.4\src\ltablib.c">
      <Filter>Source Files\civetweb\src\third_party\lua\src</Filter>
    </ClCompile>
    <ClCompile Include="civetweb\src\third_party\lua-5.2.4\src\ltm.c">
      <Filter>Source Files\civetweb\src\third_party\lua\src</Filter>
    </ClCompile>
    <ClCompile Include="civetweb\src\third_party\lua-5.2.4\src\luac.c">
      <Filter>Source Files\civetweb\src\third_party\lua\src</Filter>
    </ClCompile>
    <ClCompile Include="civetweb\src\third_party\lua-5.2.4\src\lundump.c">
      <Filter>Source Files\civetweb\src\third_party\lua\src</Filter>
    </ClCompile>
    <ClCompile Include="civetweb\src\third_party\lua-5.2.4\src\lvm.c">
      <Filter>Source Files\civetweb\src\third_party\lua\src</Filter>
    </ClCompile>
    <ClCompile Include="civetweb\src\third_party\lua-5.2.4\src\lzio.c">
      <Filter>Source Files\civetweb\src\third_party\lua\src</Filter>
    </ClCompile>
    <ClCompile Include="civetweb\src\civetweb.c">
      <Filter>Source Files\civetweb</Filter>
    </ClCompile>
  </ItemGroup>
  <ItemGroup>
    <ResourceCompile Include="CivetWebView.rc">
      <Filter>Resource Files</Filter>
    </ResourceCompile>
  </ItemGroup>
  <ItemGroup>
    <Image Include="CivetWebView.ico">
      <Filter>Resource Files</Filter>
    </Image>
  </ItemGroup>
  <ItemGroup>
    <None Include="civetweb\src\mod_lua.inl">
      <Filter>Source Files\civetweb\src</Filter>
    </None>
  </ItemGroup>
</Project>